{
    "version": "0.5",
    "requires": [
        "zstd/1.5.7#b68ca8e3de04ba5957761751d1d661f4%1760955092.069",
        "zlib/1.3.1#cac0f6daea041b0ccf42934163defb20%1765284699.337",
        "xz_utils/5.4.5#a2ce5c2f137ef2b2770a68a2a697ba69%1764347089.679",
        "pixman/0.43.4#60427f74e9514f007eb3cb8c52b6fbd6%1752742517.637",
        "pcre2/10.42#9a35f5089feb875ec61a38eca364ce77%1743524593.693",
        "openjph/0.25.3#1210c79a119928427759d31018e608e0%1763323382.089",
        "openjpeg/2.5.4#372fbc2b4348d45ab0c0a62a8475dc2f%1760446899.685",
        "openexr/3.4.4#ef9eb9cb16c7e97a5e633cbcd0c13d63%1763590953.739",
        "lzo/2.10#f00b10acc508cea70645727d970a23e1%1759909644.842",
        "llvm-openmp/12.0.1#3a9409e9c7858ffd336066d5d2eea36a%1759222114.088",
        "libzip/1.11.4#c9759a42a08bd03cf4b686ce84e6d5bb%1764698129.686",
        "libxml2/2.15.0#8d852c332225c0aa07a723fba8bcd0f5%1759824466.773",
        "libwebp/1.6.0#eb5f8e35fc95980e32b5544a33a270b4%1754386366.205",
        "libtiff/4.7.1#0ab2d15639faa1c301ccfb271fc0b55f%1759735981.08",
        "libraw/0.21.4#c765baef51ccdb607b1ca068d51367a5%1765533795.032",
        "libpng/1.6.54#b3ee4845d09981511d04205c52d78de1%1768574561.963",
        "libjpeg-turbo/3.1.3#0c88a0c4ee63a018d123979f3faceb5f%1765824323.018",
        "libiconv/1.17#1e65319e945f2d31941a9d28cc13c058%1751451666.321",
        "libheif/1.20.1#06a336bfa7cced1f4c7e010923d30293%1753866107.515",
        "libffi/3.4.8#a045c00fb26779635e3bed40e80c5254%1753360042.396",
        "libdeflate/1.25#49fcd3fe6c130c2ec5a01cabb0481ded%1761981110.678",
        "libde265/1.0.15#487f0a141295cf2c5ce2436e0ea82174%1758206202.717",
        "libaom-av1/3.8.0#70738a9be7da13e43254e4d0069f905b%1722584910.592",
        "lcms/2.17#3feb06eea368c52c82f50107cd7694cd%1753693316.094",
        "jbig/20160605#2d29fa02aacd76902e0d2cbbc24631ef%1676066289.194",
        "jasper/4.2.4#2046bfa176ab3717a195ad49c8f3b152%1755531942.671",
        "imath/3.2.1#47a001e9196b8d377c839c4725a99772%1756476362.494",
        "harfbuzz/10.4.0#1201cbf6be7a7d9dadbea08c208e305f%1741371559.432",
        "glib/2.85.3#2fef4f1c3f92c9eaf077ccd54b9404a3%1755678176.882",
        "fribidi/1.0.13#861199a83fa19c194beeb7f6234d9d51%1696084319.249",
        "freetype/2.14.1#40f1e4af5db7d8155f9ecabd09973280%1762374429.281",
        "fontconfig/2.17.1#c7138aa09e0fcc0e337511719c9bfb12%1768840806.404",
        "expat/2.7.3#f529802a90f0758a01f498a18f8c657b%1759399780.465",
        "cairo/1.18.0#403879292b61fd1ba2abaaf7a4c97f71%1762422409.393",
        "bzip2/1.0.8#c470882369c2d95c5c77e970c0c7e321%1762886692.465",
        "brotli/1.1.0#3f631ef77008f7b5eb388780116371a3%1764862343.045"
    ],
    "build_requires": [
        "zlib/1.3.1#cac0f6daea041b0ccf42934163defb20%1765284699.337",
        "pkgconf/2.5.1#93c2051284cba1279494a43a4fcfeae2%1757684701.089",
        "pkgconf/2.1.0#21f96520faf7660b99f872e956d2ac13%1755505630.82",
        "pcre2/10.42#9a35f5089feb875ec61a38eca364ce77%1743524593.693",
        "ninja/1.13.2#c8c5dc2a52ed6e4e42a66d75b4717ceb%1764096931.974",
        "nasm/2.15.05#f7d6a6f3b14f583e001d9ae84e8cd152%1745483325.985",
        "meson/1.10.0#60786758ea978964c24525de19603cf4%1768294926.103",
        "meson/1.4.0#2262941cc8fbb0099dd0c196ca2a6c01%1726730116.631",
        "meson/1.2.1#f2b0c7763308df8e33172744dace8845%1726730117.905",
        "make/4.4.1#c47f1ee3241ca8bd56f97c6ca4d0a082%1703967201.413",
        "libffi/3.4.8#a045c00fb26779635e3bed40e80c5254%1753360042.396",
        "gperf/3.1#a7afdf8f7cccdc2dcd4d962370c33d4f%1755780571.156",
        "glib/2.85.3#2fef4f1c3f92c9eaf077ccd54b9404a3%1755678176.882",
        "cmake/4.2.1#951586eff155256a7b5298631d6b1416%1765387599.255",
        "bzip2/1.0.8#c470882369c2d95c5c77e970c0c7e321%1762886692.465"
    ],
    "python_requires": [],
    "overrides": {
        "libffi/[>=3.4.4 <4]": [
            "libffi/3.4.8"
        ],
        "freetype/2.13.2": [
            "freetype/2.14.1"
        ],
        "glib/2.78.3": [
            "glib/2.85.3"
        ],
        "freetype/[>=2.13.2 <3]": [
            "freetype/2.14.1#40f1e4af5db7d8155f9ecabd09973280"
        ],
        "zstd/[~1.5]": [
            "zstd/1.5.7"
        ],
        "libjpeg-turbo/[>=3.0.2 <4]": [
            "libjpeg-turbo/3.1.3#0c88a0c4ee63a018d123979f3faceb5f",
            "libjpeg-turbo/[~3]"
        ],
        "libjpeg-turbo/[>=3.0.0 <4]": [
            "libjpeg-turbo/3.1.3"
        ],
        "jasper/[>=4.0.0 <5]": [
            "jasper/4.2.4"
        ],
        "fontconfig/2.15.0": [
            "fontconfig/2.17.1"
        ]
    },
    "config_requires": []
}
