{
    "version": "0.5",
    "requires": [
        "zstd/1.5.7#fde461c0d847a22f16d3066774f61b11%1744114235.235",
        "zlib/1.3.1#b8bc2603263cf7eccbd6e17e66b0ed76%1733936244.862",
        "xz_utils/5.4.5#b885d1d79c9d30cff3803f7f551dbe66%1724318972.064",
        "pixman/0.43.4#0dcdf859941e32fcc7bfb73ea1946a7f%1718828937.421",
        "pcre2/10.42#9a35f5089feb875ec61a38eca364ce77%1743524593.693",
        "openjpeg/2.5.3#ba441840c5aae2a50b25005929a23b8b%1733775525.222",
        "openexr/3.3.3#1d02e14725b6789f949753ba57b6854a%1742937028.767",
        "lzo/2.10#5725914235423c771cb1c6b607109b45%1685099992.798",
        "llvm-openmp/12.0.1#d60021451db7c6616c474b374845db50%1720448477.21",
        "libzip/1.11.3#744081e227a4e72b97bc1d587db14d4c%1737372534.533",
        "libxml2/2.13.8#06138534f18dd953b35cad0dc3a08451%1747039371.412",
        "libwebp/1.5.0#dde2d37561d0b54bbb98fa5cfc453c84%1739359606.671",
        "libtiff/4.7.0#282fd26aaeb3c85d9b590f0c586dbe05%1736266113.747",
        "libraw/0.21.4#f23f6680f9f1cc508a65f6b00022da0a%1747763147.953",
        "libpng/1.6.48#dd0fc04a42b9a23bce065545a81d4847%1746141949.748",
        "libjpeg-turbo/3.1.0#cc80c764131fb007615bfd43b65e9fff%1743422145.257",
        "libiconv/1.17#1ae2f60ab5d08de1643a22a81b360c59%1737639926.448",
        "libheif/1.19.5#c5e36f9b0e764acd8fad54f1d6e9a62d%1732213216.111",
        "libffi/3.4.6#e6ea52051cbc4d21ea361a64cfdedf20%1739352847.113",
        "libdeflate/1.22#f95aebe763153ccbc4cc76c023e42e5a%1728201690.347",
        "libde265/1.0.12#6e7cec8c7e3b1c9bfb6761dfc4d1dbb8%1690354164.82",
        "libaom-av1/3.8.0#70738a9be7da13e43254e4d0069f905b%1722584910.592",
        "lcms/2.16#fb083506ff40fd950c9e5c39df8bed54%1703969656.459",
        "jbig/20160605#2d29fa02aacd76902e0d2cbbc24631ef%1676066289.194",
        "jasper/4.2.4#5b3a54d36b0006234b891bb6b3eb4e06%1718169616.744",
        "imath/3.1.9#2e7f5802b247baae47235b4c8d5642c9%1708982814.433",
        "harfbuzz/10.4.0#1201cbf6be7a7d9dadbea08c208e305f%1741371559.432",
        "glib/2.81.0#77c20831c00322a143106bfef82e51a2%1741781930.213",
        "fribidi/1.0.13#861199a83fa19c194beeb7f6234d9d51%1696084319.249",
        "freetype/2.13.3#12f7bbb4e5e6dc1e276c20d0cfe54f74%1728736671.344",
        "fontconfig/2.15.0#9242855e95c8a8b80f3bd89758a8bf97%1728293838.725",
        "expat/2.7.1#b0b67ba910c5147271b444139ca06953%1743502492.76",
        "cairo/1.18.0#4158de4757b659c3cdbb0751b1bb22aa%1726863902.98",
        "bzip2/1.0.8#00b4a4658791c1f06914e087f0e792f5%1744702067.178",
        "brotli/1.1.0#406ce8f1c997f4ef7852fa01ff85ef9f%1743158659.041"
    ],
    "build_requires": [
        "zlib/1.3.1#b8bc2603263cf7eccbd6e17e66b0ed76%1733936244.862",
        "pkgconf/2.2.0#6462942a22803086372db44689ba825f%1713364853.749",
        "pkgconf/2.1.0#27f44583701117b571307cf5b5fe5605%1701537936.436",
        "pcre2/10.42#9a35f5089feb875ec61a38eca364ce77%1743524593.693",
        "ninja/1.12.1#fd583651bf0c6a901943495d49878803%1724079877.609",
        "nasm/2.15.05#f7d6a6f3b14f583e001d9ae84e8cd152%1745483325.985",
        "meson/1.7.2#9f1462dd0d74937352f0c4fed2563d28%1744110123.602",
        "meson/1.4.0#2262941cc8fbb0099dd0c196ca2a6c01%1726730116.631",
        "meson/1.3.2#26ce8a76a36cc275cdfee1d757bc6561%1726730118.251",
        "meson/1.2.2#21b73818ba96d9eea465b310b5bbc993%1726730120.212",
        "meson/1.2.1#f2b0c7763308df8e33172744dace8845%1726730117.905",
        "libffi/3.4.4#1520e366dc9a6a38898b4993bb198748%1739352850.021",
        "gperf/3.1#1d622ad9717e9348ed3685c9994ad0b9%1709324989.76",
        "glib/2.81.0#77c20831c00322a143106bfef82e51a2%1741781930.213",
        "cmake/3.31.6#ed0e6c1d49bd564ce6fed1a19653b86d%1740594968.467",
        "bzip2/1.0.8#00b4a4658791c1f06914e087f0e792f5%1744702067.178"
    ],
    "python_requires": [],
    "overrides": {
        "libffi/3.4.4": [
            "libffi/3.4.6",
            null
        ],
        "freetype/2.13.2": [
            "freetype/2.13.3"
        ],
        "glib/2.78.3": [
            "glib/2.81.0"
        ],
        "zstd/[~1.5]": [
            "zstd/1.5.7"
        ],
        "libjpeg-turbo/3.0.2": [
            "libjpeg-turbo/3.1.0"
        ],
        "zstd/1.5.5": [
            "zstd/1.5.7#fde461c0d847a22f16d3066774f61b11"
        ],
        "libwebp/1.3.2": [
            "libwebp/1.5.0"
        ],
        "libjpeg-turbo/3.0.0": [
            "libjpeg-turbo/3.1.0#cc80c764131fb007615bfd43b65e9fff"
        ],
        "jasper/4.0.0": [
            "jasper/4.2.4"
        ]
    },
    "config_requires": []
}