name: Create conan lock
on:
  workflow_dispatch

jobs:
  native:
    strategy:
      max-parallel: 1
      matrix:
        platform: [ubuntu-latest, windows-latest, macos-latest]
    runs-on: ${{ matrix.platform }}

    steps:
    - name: Setup Node.js 22
      uses: actions/setup-node@v6
      with:
        node-version: 22
    - name: Checkout
      uses: actions/checkout@v6
      with:
        ref: ${{ github.ref }}
    - name: Install xPacks
      run: |
        npm install
        npx xpm install
    - name: Create conan lock (native)
      run: npx xpm run lock --config native
      env:
        npm_config_enable_conan: true
    - name: Create conan lock (native-xpack)
      run: npx xpm run lock --config native
      env:
        npm_config_enable_conan: true
        npm_config_enable_standalone_build: true
    - name: Create conan lock (WASM)
      run: npx xpm run lock --config wasm
      if: matrix.platform == 'ubuntu-latest'
      env:
        npm_config_enable_conan: true
    - name: Commit conan lock
      uses: EndBug/add-and-commit@v9
      with:
        message: 'Update conan lock for ${{ matrix.platform }}'
        add: conan.lock
